github.com/CTNOriginals/CTNGoUtils/v2 v2.4.4 h1:GoRXQknlm5gwiz+1VonzGBWfZeqyu6fr4so04QdQrMc=
github.com/CTNOriginals/CTNGoUtils/v2 v2.4.4/go.mod h1:VAJt/7jTpvhkr78N8HmvC7OWBsUxPyV/ItXnPIzLpww=
github.com/CTNOriginals/ctngoargs v1.0.1 h1:vN35F70HGPnbWq4MKPjjXvzpeF0VcqJQB5VIllcxO24=
github.com/CTNOriginals/ctngoargs v1.0.1/go.mod h1:Zv9E2R4Oy4xoraghl/pt5sSiKUP/pncQ8kQM/8WT10Q=
